// !$*UTF8*$!
{
	archiveVersion = 1;
	classes = {
	};
	objectVersion = 51;
	objects = {

/* Begin PBXBuildFile section */
		4D4C04026E653E62AA9678F6 /* Pods_medicine.framework in Frameworks */ = {isa = PBXBuildFile; fileRef = BE5AC8B18566A44F65745C21 /* Pods_medicine.framework */; };
		B1484A0324F284B50016FC4E /* AppView.swift in Sources */ = {isa = PBXBuildFile; fileRef = B1484A0224F284B50016FC4E /* AppView.swift */; };
		B1484A0524F28A2F0016FC4E /* MedicationsView.swift in Sources */ = {isa = PBXBuildFile; fileRef = B1484A0424F28A2F0016FC4E /* MedicationsView.swift */; };
		B1484A0724F28E3C0016FC4E /* PatientsView.swift in Sources */ = {isa = PBXBuildFile; fileRef = B1484A0624F28E3C0016FC4E /* PatientsView.swift */; };
		B1484A0924F29D0B0016FC4E /* PatientMedicineRow.swift in Sources */ = {isa = PBXBuildFile; fileRef = B1484A0824F29D0B0016FC4E /* PatientMedicineRow.swift */; };
		B16811BB24F3E87100DBB453 /* TodayRow.swift in Sources */ = {isa = PBXBuildFile; fileRef = B16811BA24F3E87100DBB453 /* TodayRow.swift */; };
		B1895EFE24EAB69400B3E8BC /* TimeRow.swift in Sources */ = {isa = PBXBuildFile; fileRef = B1895EFD24EAB69400B3E8BC /* TimeRow.swift */; };
		B1DFB9AF24E56646000C09DA /* GeneralExtentions.swift in Sources */ = {isa = PBXBuildFile; fileRef = B1DFB9AE24E56646000C09DA /* GeneralExtentions.swift */; };
		B1E47A4A24E3DA0800164B6B /* AppDelegate.swift in Sources */ = {isa = PBXBuildFile; fileRef = B1E47A4924E3DA0800164B6B /* AppDelegate.swift */; };
		B1E47A4C24E3DA0800164B6B /* SceneDelegate.swift in Sources */ = {isa = PBXBuildFile; fileRef = B1E47A4B24E3DA0800164B6B /* SceneDelegate.swift */; };
		B1E47A5024E3DA0900164B6B /* Assets.xcassets in Resources */ = {isa = PBXBuildFile; fileRef = B1E47A4F24E3DA0900164B6B /* Assets.xcassets */; };
		B1E47A5324E3DA0900164B6B /* Preview Assets.xcassets in Resources */ = {isa = PBXBuildFile; fileRef = B1E47A5224E3DA0900164B6B /* Preview Assets.xcassets */; };
		B1E47A5624E3DA0900164B6B /* LaunchScreen.storyboard in Resources */ = {isa = PBXBuildFile; fileRef = B1E47A5424E3DA0900164B6B /* LaunchScreen.storyboard */; };
		B1E47A6124E3DCD300164B6B /* Patient.swift in Sources */ = {isa = PBXBuildFile; fileRef = B1E47A6024E3DCD300164B6B /* Patient.swift */; };
		B1E47A6324E3DCE000164B6B /* Medicine.swift in Sources */ = {isa = PBXBuildFile; fileRef = B1E47A6224E3DCE000164B6B /* Medicine.swift */; };
		B1E47A6524E3DD0C00164B6B /* PatientMedicines.swift in Sources */ = {isa = PBXBuildFile; fileRef = B1E47A6424E3DD0C00164B6B /* PatientMedicines.swift */; };
		B1E47A6724E3E6A300164B6B /* HomeView.swift in Sources */ = {isa = PBXBuildFile; fileRef = B1E47A6624E3E6A300164B6B /* HomeView.swift */; };
		B1E47A6924E3E6C800164B6B /* AddPatientView.swift in Sources */ = {isa = PBXBuildFile; fileRef = B1E47A6824E3E6C800164B6B /* AddPatientView.swift */; };
		B1E47A6B24E3E6DC00164B6B /* PatientDetailsView.swift in Sources */ = {isa = PBXBuildFile; fileRef = B1E47A6A24E3E6DC00164B6B /* PatientDetailsView.swift */; };
		B1E47A6D24E3E6F500164B6B /* AddMedicine.swift in Sources */ = {isa = PBXBuildFile; fileRef = B1E47A6C24E3E6F500164B6B /* AddMedicine.swift */; };
		B1E47A6F24E3E70700164B6B /* MedicineDetailsView.swift in Sources */ = {isa = PBXBuildFile; fileRef = B1E47A6E24E3E70700164B6B /* MedicineDetailsView.swift */; };
		B1E47A7124E3E73600164B6B /* AddMedicineToPatientView.swift in Sources */ = {isa = PBXBuildFile; fileRef = B1E47A7024E3E73600164B6B /* AddMedicineToPatientView.swift */; };
		B1E47A7324E3E93200164B6B /* DummyData.swift in Sources */ = {isa = PBXBuildFile; fileRef = B1E47A7224E3E93200164B6B /* DummyData.swift */; };
		B1E47A7624E406E000164B6B /* ViewExtentions.swift in Sources */ = {isa = PBXBuildFile; fileRef = B1E47A7524E406E000164B6B /* ViewExtentions.swift */; };
/* End PBXBuildFile section */

/* Begin PBXFileReference section */
		65BCBA48CC4AA64EB54ECB11 /* Pods-medicine.release.xcconfig */ = {isa = PBXFileReference; includeInIndex = 1; lastKnownFileType = text.xcconfig; name = "Pods-medicine.release.xcconfig"; path = "Target Support Files/Pods-medicine/Pods-medicine.release.xcconfig"; sourceTree = "<group>"; };
		B1484A0224F284B50016FC4E /* AppView.swift */ = {isa = PBXFileReference; lastKnownFileType = sourcecode.swift; path = AppView.swift; sourceTree = "<group>"; };
		B1484A0424F28A2F0016FC4E /* MedicationsView.swift */ = {isa = PBXFileReference; lastKnownFileType = sourcecode.swift; path = MedicationsView.swift; sourceTree = "<group>"; };
		B1484A0624F28E3C0016FC4E /* PatientsView.swift */ = {isa = PBXFileReference; lastKnownFileType = sourcecode.swift; path = PatientsView.swift; sourceTree = "<group>"; };
		B1484A0824F29D0B0016FC4E /* PatientMedicineRow.swift */ = {isa = PBXFileReference; lastKnownFileType = sourcecode.swift; path = PatientMedicineRow.swift; sourceTree = "<group>"; };
		B16811BA24F3E87100DBB453 /* TodayRow.swift */ = {isa = PBXFileReference; lastKnownFileType = sourcecode.swift; path = TodayRow.swift; sourceTree = "<group>"; };
		B1895EFD24EAB69400B3E8BC /* TimeRow.swift */ = {isa = PBXFileReference; lastKnownFileType = sourcecode.swift; path = TimeRow.swift; sourceTree = "<group>"; };
		B1DFB9AE24E56646000C09DA /* GeneralExtentions.swift */ = {isa = PBXFileReference; lastKnownFileType = sourcecode.swift; path = GeneralExtentions.swift; sourceTree = "<group>"; };
		B1E47A4624E3DA0800164B6B /* medicine.app */ = {isa = PBXFileReference; explicitFileType = wrapper.application; includeInIndex = 0; path = medicine.app; sourceTree = BUILT_PRODUCTS_DIR; };
		B1E47A4924E3DA0800164B6B /* AppDelegate.swift */ = {isa = PBXFileReference; lastKnownFileType = sourcecode.swift; path = AppDelegate.swift; sourceTree = "<group>"; };
		B1E47A4B24E3DA0800164B6B /* SceneDelegate.swift */ = {isa = PBXFileReference; lastKnownFileType = sourcecode.swift; path = SceneDelegate.swift; sourceTree = "<group>"; };
		B1E47A4F24E3DA0900164B6B /* Assets.xcassets */ = {isa = PBXFileReference; lastKnownFileType = folder.assetcatalog; path = Assets.xcassets; sourceTree = "<group>"; };
		B1E47A5224E3DA0900164B6B /* Preview Assets.xcassets */ = {isa = PBXFileReference; lastKnownFileType = folder.assetcatalog; path = "Preview Assets.xcassets"; sourceTree = "<group>"; };
		B1E47A5524E3DA0900164B6B /* Base */ = {isa = PBXFileReference; lastKnownFileType = file.storyboard; name = Base; path = Base.lproj/LaunchScreen.storyboard; sourceTree = "<group>"; };
		B1E47A5724E3DA0900164B6B /* Info.plist */ = {isa = PBXFileReference; lastKnownFileType = text.plist.xml; path = Info.plist; sourceTree = "<group>"; };
		B1E47A6024E3DCD300164B6B /* Patient.swift */ = {isa = PBXFileReference; lastKnownFileType = sourcecode.swift; path = Patient.swift; sourceTree = "<group>"; };
		B1E47A6224E3DCE000164B6B /* Medicine.swift */ = {isa = PBXFileReference; lastKnownFileType = sourcecode.swift; path = Medicine.swift; sourceTree = "<group>"; };
		B1E47A6424E3DD0C00164B6B /* PatientMedicines.swift */ = {isa = PBXFileReference; lastKnownFileType = sourcecode.swift; path = PatientMedicines.swift; sourceTree = "<group>"; };
		B1E47A6624E3E6A300164B6B /* HomeView.swift */ = {isa = PBXFileReference; lastKnownFileType = sourcecode.swift; path = HomeView.swift; sourceTree = "<group>"; };
		B1E47A6824E3E6C800164B6B /* AddPatientView.swift */ = {isa = PBXFileReference; lastKnownFileType = sourcecode.swift; path = AddPatientView.swift; sourceTree = "<group>"; };
		B1E47A6A24E3E6DC00164B6B /* PatientDetailsView.swift */ = {isa = PBXFileReference; lastKnownFileType = sourcecode.swift; path = PatientDetailsView.swift; sourceTree = "<group>"; };
		B1E47A6C24E3E6F500164B6B /* AddMedicine.swift */ = {isa = PBXFileReference; lastKnownFileType = sourcecode.swift; path = AddMedicine.swift; sourceTree = "<group>"; };
		B1E47A6E24E3E70700164B6B /* MedicineDetailsView.swift */ = {isa = PBXFileReference; lastKnownFileType = sourcecode.swift; path = MedicineDetailsView.swift; sourceTree = "<group>"; };
		B1E47A7024E3E73600164B6B /* AddMedicineToPatientView.swift */ = {isa = PBXFileReference; lastKnownFileType = sourcecode.swift; path = AddMedicineToPatientView.swift; sourceTree = "<group>"; };
		B1E47A7224E3E93200164B6B /* DummyData.swift */ = {isa = PBXFileReference; lastKnownFileType = sourcecode.swift; path = DummyData.swift; sourceTree = "<group>"; };
		B1E47A7524E406E000164B6B /* ViewExtentions.swift */ = {isa = PBXFileReference; lastKnownFileType = sourcecode.swift; path = ViewExtentions.swift; sourceTree = "<group>"; };
		B745A1E116AB85F2B3C2FE06 /* Pods-medicine.debug.xcconfig */ = {isa = PBXFileReference; includeInIndex = 1; lastKnownFileType = text.xcconfig; name = "Pods-medicine.debug.xcconfig"; path = "Target Support Files/Pods-medicine/Pods-medicine.debug.xcconfig"; sourceTree = "<group>"; };
		BE5AC8B18566A44F65745C21 /* Pods_medicine.framework */ = {isa = PBXFileReference; explicitFileType = wrapper.framework; includeInIndex = 0; path = Pods_medicine.framework; sourceTree = BUILT_PRODUCTS_DIR; };
/* End PBXFileReference section */

/* Begin PBXFrameworksBuildPhase section */
		B1E47A4324E3DA0800164B6B /* Frameworks */ = {
			isa = PBXFrameworksBuildPhase;
			buildActionMask = 2147483647;
			files = (
				4D4C04026E653E62AA9678F6 /* Pods_medicine.framework in Frameworks */,
			);
			runOnlyForDeploymentPostprocessing = 0;
		};
/* End PBXFrameworksBuildPhase section */

/* Begin PBXGroup section */
		0AC96AFAD39AFEBF0A4645D4 /* Frameworks */ = {
			isa = PBXGroup;
			children = (
				BE5AC8B18566A44F65745C21 /* Pods_medicine.framework */,
			);
			name = Frameworks;
			sourceTree = "<group>";
		};
		22EBDE86863BEDD2967C1D04 /* Pods */ = {
			isa = PBXGroup;
			children = (
				B745A1E116AB85F2B3C2FE06 /* Pods-medicine.debug.xcconfig */,
				65BCBA48CC4AA64EB54ECB11 /* Pods-medicine.release.xcconfig */,
			);
			path = Pods;
			sourceTree = "<group>";
		};
		B1E47A3D24E3DA0800164B6B = {
			isa = PBXGroup;
			children = (
				B1E47A4824E3DA0800164B6B /* medicine */,
				B1E47A4724E3DA0800164B6B /* Products */,
				22EBDE86863BEDD2967C1D04 /* Pods */,
				0AC96AFAD39AFEBF0A4645D4 /* Frameworks */,
			);
			sourceTree = "<group>";
		};
		B1E47A4724E3DA0800164B6B /* Products */ = {
			isa = PBXGroup;
			children = (
				B1E47A4624E3DA0800164B6B /* medicine.app */,
			);
			name = Products;
			sourceTree = "<group>";
		};
		B1E47A4824E3DA0800164B6B /* medicine */ = {
			isa = PBXGroup;
			children = (
				B1E47A4924E3DA0800164B6B /* AppDelegate.swift */,
				B1E47A4B24E3DA0800164B6B /* SceneDelegate.swift */,
				B1E47A7424E406D200164B6B /* Extentions */,
				B1E47A5E24E3DA2600164B6B /* Components */,
				B1E47A5D24E3DA1200164B6B /* Models */,
				B1E47A5F24E3DA3200164B6B /* SupportingFiles */,
				B1E47A5124E3DA0900164B6B /* Preview Content */,
			);
			path = medicine;
			sourceTree = "<group>";
		};
		B1E47A5124E3DA0900164B6B /* Preview Content */ = {
			isa = PBXGroup;
			children = (
				B1E47A5224E3DA0900164B6B /* Preview Assets.xcassets */,
			);
			path = "Preview Content";
			sourceTree = "<group>";
		};
		B1E47A5D24E3DA1200164B6B /* Models */ = {
			isa = PBXGroup;
			children = (
				B1E47A6024E3DCD300164B6B /* Patient.swift */,
				B1E47A6224E3DCE000164B6B /* Medicine.swift */,
				B1E47A6424E3DD0C00164B6B /* PatientMedicines.swift */,
				B1E47A7224E3E93200164B6B /* DummyData.swift */,
			);
			path = Models;
			sourceTree = "<group>";
		};
		B1E47A5E24E3DA2600164B6B /* Components */ = {
			isa = PBXGroup;
			children = (
				B1484A0224F284B50016FC4E /* AppView.swift */,
				B1E47A6624E3E6A300164B6B /* HomeView.swift */,
				B1484A0424F28A2F0016FC4E /* MedicationsView.swift */,
				B1484A0624F28E3C0016FC4E /* PatientsView.swift */,
				B1E47A6824E3E6C800164B6B /* AddPatientView.swift */,
				B1E47A6A24E3E6DC00164B6B /* PatientDetailsView.swift */,
				B1E47A6C24E3E6F500164B6B /* AddMedicine.swift */,
				B1E47A6E24E3E70700164B6B /* MedicineDetailsView.swift */,
				B1E47A7024E3E73600164B6B /* AddMedicineToPatientView.swift */,
				B1895EFD24EAB69400B3E8BC /* TimeRow.swift */,
				B1484A0824F29D0B0016FC4E /* PatientMedicineRow.swift */,
				B16811BA24F3E87100DBB453 /* TodayRow.swift */,
			);
			path = Components;
			sourceTree = "<group>";
		};
		B1E47A5F24E3DA3200164B6B /* SupportingFiles */ = {
			isa = PBXGroup;
			children = (
				B1E47A4F24E3DA0900164B6B /* Assets.xcassets */,
				B1E47A5424E3DA0900164B6B /* LaunchScreen.storyboard */,
				B1E47A5724E3DA0900164B6B /* Info.plist */,
			);
			path = SupportingFiles;
			sourceTree = "<group>";
		};
		B1E47A7424E406D200164B6B /* Extentions */ = {
			isa = PBXGroup;
			children = (
				B1E47A7524E406E000164B6B /* ViewExtentions.swift */,
				B1DFB9AE24E56646000C09DA /* GeneralExtentions.swift */,
			);
			path = Extentions;
			sourceTree = "<group>";
		};
/* End PBXGroup section */

/* Begin PBXNativeTarget section */
		B1E47A4524E3DA0800164B6B /* medicine */ = {
			isa = PBXNativeTarget;
			buildConfigurationList = B1E47A5A24E3DA0900164B6B /* Build configuration list for PBXNativeTarget "medicine" */;
			buildPhases = (
				75BC9EFDD97700F3C10A0CC3 /* [CP] Check Pods Manifest.lock */,
				B1E47A4224E3DA0800164B6B /* Sources */,
				B1E47A4324E3DA0800164B6B /* Frameworks */,
				B1E47A4424E3DA0800164B6B /* Resources */,
				7D048C76012A133ABDC453F8 /* [CP] Embed Pods Frameworks */,
			);
			buildRules = (
			);
			dependencies = (
			);
			name = medicine;
			productName = medicine;
			productReference = B1E47A4624E3DA0800164B6B /* medicine.app */;
			productType = "com.apple.product-type.application";
		};
/* End PBXNativeTarget section */

/* Begin PBXProject section */
		B1E47A3E24E3DA0800164B6B /* Project object */ = {
			isa = PBXProject;
			attributes = {
				LastSwiftUpdateCheck = 1160;
				LastUpgradeCheck = 1160;
				ORGANIZATIONNAME = "Yusuf Meimeh";
				TargetAttributes = {
					B1E47A4524E3DA0800164B6B = {
						CreatedOnToolsVersion = 11.6;
					};
				};
			};
			buildConfigurationList = B1E47A4124E3DA0800164B6B /* Build configuration list for PBXProject "medicine" */;
			compatibilityVersion = "Xcode 9.3";
			developmentRegion = en;
			hasScannedForEncodings = 0;
			knownRegions = (
				en,
				Base,
			);
			mainGroup = B1E47A3D24E3DA0800164B6B;
			productRefGroup = B1E47A4724E3DA0800164B6B /* Products */;
			projectDirPath = "";
			projectRoot = "";
			targets = (
				B1E47A4524E3DA0800164B6B /* medicine */,
			);
		};
/* End PBXProject section */

/* Begin PBXResourcesBuildPhase section */
		B1E47A4424E3DA0800164B6B /* Resources */ = {
			isa = PBXResourcesBuildPhase;
			buildActionMask = 2147483647;
			files = (
				B1E47A5624E3DA0900164B6B /* LaunchScreen.storyboard in Resources */,
				B1E47A5324E3DA0900164B6B /* Preview Assets.xcassets in Resources */,
				B1E47A5024E3DA0900164B6B /* Assets.xcassets in Resources */,
			);
			runOnlyForDeploymentPostprocessing = 0;
		};
/* End PBXResourcesBuildPhase section */

/* Begin PBXShellScriptBuildPhase section */
		75BC9EFDD97700F3C10A0CC3 /* [CP] Check Pods Manifest.lock */ = {
			isa = PBXShellScriptBuildPhase;
			buildActionMask = 2147483647;
			files = (
			);
			inputFileListPaths = (
			);
			inputPaths = (
				"${PODS_PODFILE_DIR_PATH}/Podfile.lock",
				"${PODS_ROOT}/Manifest.lock",
			);
			name = "[CP] Check Pods Manifest.lock";
			outputFileListPaths = (
			);
			outputPaths = (
				"$(DERIVED_FILE_DIR)/Pods-medicine-checkManifestLockResult.txt",
			);
			runOnlyForDeploymentPostprocessing = 0;
			shellPath = /bin/sh;
			shellScript = "diff \"${PODS_PODFILE_DIR_PATH}/Podfile.lock\" \"${PODS_ROOT}/Manifest.lock\" > /dev/null\nif [ $? != 0 ] ; then\n    # print error to STDERR\n    echo \"error: The sandbox is not in sync with the Podfile.lock. Run 'pod install' or update your CocoaPods installation.\" >&2\n    exit 1\nfi\n# This output is used by Xcode 'outputs' to avoid re-running this script phase.\necho \"SUCCESS\" > \"${SCRIPT_OUTPUT_FILE_0}\"\n";
			showEnvVarsInLog = 0;
		};
		7D048C76012A133ABDC453F8 /* [CP] Embed Pods Frameworks */ = {
			isa = PBXShellScriptBuildPhase;
			buildActionMask = 2147483647;
			files = (
			);
			inputFileListPaths = (
				"${PODS_ROOT}/Target Support Files/Pods-medicine/Pods-medicine-frameworks-${CONFIGURATION}-input-files.xcfilelist",
			);
			name = "[CP] Embed Pods Frameworks";
			outputFileListPaths = (
				"${PODS_ROOT}/Target Support Files/Pods-medicine/Pods-medicine-frameworks-${CONFIGURATION}-output-files.xcfilelist",
			);
			runOnlyForDeploymentPostprocessing = 0;
			shellPath = /bin/sh;
			shellScript = "\"${PODS_ROOT}/Target Support Files/Pods-medicine/Pods-medicine-frameworks.sh\"\n";
			showEnvVarsInLog = 0;
		};
/* End PBXShellScriptBuildPhase section */

/* Begin PBXSourcesBuildPhase section */
		B1E47A4224E3DA0800164B6B /* Sources */ = {
			isa = PBXSourcesBuildPhase;
			buildActionMask = 2147483647;
			files = (
				B1484A0924F29D0B0016FC4E /* PatientMedicineRow.swift in Sources */,
				B1E47A6924E3E6C800164B6B /* AddPatientView.swift in Sources */,
				B1484A0524F28A2F0016FC4E /* MedicationsView.swift in Sources */,
				B1E47A4A24E3DA0800164B6B /* AppDelegate.swift in Sources */,
				B1E47A6724E3E6A300164B6B /* HomeView.swift in Sources */,
				B1895EFE24EAB69400B3E8BC /* TimeRow.swift in Sources */,
				B1484A0324F284B50016FC4E /* AppView.swift in Sources */,
				B1484A0724F28E3C0016FC4E /* PatientsView.swift in Sources */,
				B1E47A6524E3DD0C00164B6B /* PatientMedicines.swift in Sources */,
				B1E47A7624E406E000164B6B /* ViewExtentions.swift in Sources */,
				B16811BB24F3E87100DBB453 /* TodayRow.swift in Sources */,
				B1E47A6124E3DCD300164B6B /* Patient.swift in Sources */,
				B1E47A6324E3DCE000164B6B /* Medicine.swift in Sources */,
				B1E47A6B24E3E6DC00164B6B /* PatientDetailsView.swift in Sources */,
				B1E47A6D24E3E6F500164B6B /* AddMedicine.swift in Sources */,
				B1E47A6F24E3E70700164B6B /* MedicineDetailsView.swift in Sources */,
				B1E47A4C24E3DA0800164B6B /* SceneDelegate.swift in Sources */,
				B1DFB9AF24E56646000C09DA /* GeneralExtentions.swift in Sources */,
				B1E47A7324E3E93200164B6B /* DummyData.swift in Sources */,
				B1E47A7124E3E73600164B6B /* AddMedicineToPatientView.swift in Sources */,
			);
			runOnlyForDeploymentPostprocessing = 0;
		};
/* End PBXSourcesBuildPhase section */

/* Begin PBXVariantGroup section */
		B1E47A5424E3DA0900164B6B /* LaunchScreen.storyboard */ = {
			isa = PBXVariantGroup;
			children = (
				B1E47A5524E3DA0900164B6B /* Base */,
			);
			name = LaunchScreen.storyboard;
			sourceTree = "<group>";
		};
/* End PBXVariantGroup section */

/* Begin XCBuildConfiguration section */
		B1E47A5824E3DA0900164B6B /* Debug */ = {
			isa = XCBuildConfiguration;
			buildSettings = {
				ALWAYS_SEARCH_USER_PATHS = NO;
				CLANG_ANALYZER_NONNULL = YES;
				CLANG_ANALYZER_NUMBER_OBJECT_CONVERSION = YES_AGGRESSIVE;
				CLANG_CXX_LANGUAGE_STANDARD = "gnu++14";
				CLANG_CXX_LIBRARY = "libc++";
				CLANG_ENABLE_MODULES = YES;
				CLANG_ENABLE_OBJC_ARC = YES;
				CLANG_ENABLE_OBJC_WEAK = YES;
				CLANG_WARN_BLOCK_CAPTURE_AUTORELEASING = YES;
				CLANG_WARN_BOOL_CONVERSION = YES;
				CLANG_WARN_COMMA = YES;
				CLANG_WARN_CONSTANT_CONVERSION = YES;
				CLANG_WARN_DEPRECATED_OBJC_IMPLEMENTATIONS = YES;
				CLANG_WARN_DIRECT_OBJC_ISA_USAGE = YES_ERROR;
				CLANG_WARN_DOCUMENTATION_COMMENTS = YES;
				CLANG_WARN_EMPTY_BODY = YES;
				CLANG_WARN_ENUM_CONVERSION = YES;
				CLANG_WARN_INFINITE_RECURSION = YES;
				CLANG_WARN_INT_CONVERSION = YES;
				CLANG_WARN_NON_LITERAL_NULL_CONVERSION = YES;
				CLANG_WARN_OBJC_IMPLICIT_RETAIN_SELF = YES;
				CLANG_WARN_OBJC_LITERAL_CONVERSION = YES;
				CLANG_WARN_OBJC_ROOT_CLASS = YES_ERROR;
				CLANG_WARN_RANGE_LOOP_ANALYSIS = YES;
				CLANG_WARN_STRICT_PROTOTYPES = YES;
				CLANG_WARN_SUSPICIOUS_MOVE = YES;
				CLANG_WARN_UNGUARDED_AVAILABILITY = YES_AGGRESSIVE;
				CLANG_WARN_UNREACHABLE_CODE = YES;
				CLANG_WARN__DUPLICATE_METHOD_MATCH = YES;
				COPY_PHASE_STRIP = NO;
				DEBUG_INFORMATION_FORMAT = dwarf;
				ENABLE_STRICT_OBJC_MSGSEND = YES;
				ENABLE_TESTABILITY = YES;
				GCC_C_LANGUAGE_STANDARD = gnu11;
				GCC_DYNAMIC_NO_PIC = NO;
				GCC_NO_COMMON_BLOCKS = YES;
				GCC_OPTIMIZATION_LEVEL = 0;
				GCC_PREPROCESSOR_DEFINITIONS = (
					"DEBUG=1",
					"$(inherited)",
				);
				GCC_WARN_64_TO_32_BIT_CONVERSION = YES;
				GCC_WARN_ABOUT_RETURN_TYPE = YES_ERROR;
				GCC_WARN_UNDECLARED_SELECTOR = YES;
				GCC_WARN_UNINITIALIZED_AUTOS = YES_AGGRESSIVE;
				GCC_WARN_UNUSED_FUNCTION = YES;
				GCC_WARN_UNUSED_VARIABLE = YES;
				IPHONEOS_DEPLOYMENT_TARGET = 13.6;
				MTL_ENABLE_DEBUG_INFO = INCLUDE_SOURCE;
				MTL_FAST_MATH = YES;
				ONLY_ACTIVE_ARCH = YES;
				SDKROOT = iphoneos;
				SWIFT_ACTIVE_COMPILATION_CONDITIONS = DEBUG;
				SWIFT_OPTIMIZATION_LEVEL = "-Onone";
			};
			name = Debug;
		};
		B1E47A5924E3DA0900164B6B /* Release */ = {
			isa = XCBuildConfiguration;
			buildSettings = {
				ALWAYS_SEARCH_USER_PATHS = NO;
				CLANG_ANALYZER_NONNULL = YES;
				CLANG_ANALYZER_NUMBER_OBJECT_CONVERSION = YES_AGGRESSIVE;
				CLANG_CXX_LANGUAGE_STANDARD = "gnu++14";
				CLANG_CXX_LIBRARY = "libc++";
				CLANG_ENABLE_MODULES = YES;
				CLANG_ENABLE_OBJC_ARC = YES;
				CLANG_ENABLE_OBJC_WEAK = YES;
				CLANG_WARN_BLOCK_CAPTURE_AUTORELEASING = YES;
				CLANG_WARN_BOOL_CONVERSION = YES;
				CLANG_WARN_COMMA = YES;
				CLANG_WARN_CONSTANT_CONVERSION = YES;
				CLANG_WARN_DEPRECATED_OBJC_IMPLEMENTATIONS = YES;
				CLANG_WARN_DIRECT_OBJC_ISA_USAGE = YES_ERROR;
				CLANG_WARN_DOCUMENTATION_COMMENTS = YES;
				CLANG_WARN_EMPTY_BODY = YES;
				CLANG_WARN_ENUM_CONVERSION = YES;
				CLANG_WARN_INFINITE_RECURSION = YES;
				CLANG_WARN_INT_CONVERSION = YES;
				CLANG_WARN_NON_LITERAL_NULL_CONVERSION = YES;
				CLANG_WARN_OBJC_IMPLICIT_RETAIN_SELF = YES;
				CLANG_WARN_OBJC_LITERAL_CONVERSION = YES;
				CLANG_WARN_OBJC_ROOT_CLASS = YES_ERROR;
				CLANG_WARN_RANGE_LOOP_ANALYSIS = YES;
				CLANG_WARN_STRICT_PROTOTYPES = YES;
				CLANG_WARN_SUSPICIOUS_MOVE = YES;
				CLANG_WARN_UNGUARDED_AVAILABILITY = YES_AGGRESSIVE;
				CLANG_WARN_UNREACHABLE_CODE = YES;
				CLANG_WARN__DUPLICATE_METHOD_MATCH = YES;
				COPY_PHASE_STRIP = NO;
				DEBUG_INFORMATION_FORMAT = "dwarf-with-dsym";
				ENABLE_NS_ASSERTIONS = NO;
				ENABLE_STRICT_OBJC_MSGSEND = YES;
				GCC_C_LANGUAGE_STANDARD = gnu11;
				GCC_NO_COMMON_BLOCKS = YES;
				GCC_WARN_64_TO_32_BIT_CONVERSION = YES;
				GCC_WARN_ABOUT_RETURN_TYPE = YES_ERROR;
				GCC_WARN_UNDECLARED_SELECTOR = YES;
				GCC_WARN_UNINITIALIZED_AUTOS = YES_AGGRESSIVE;
				GCC_WARN_UNUSED_FUNCTION = YES;
				GCC_WARN_UNUSED_VARIABLE = YES;
				IPHONEOS_DEPLOYMENT_TARGET = 13.6;
				MTL_ENABLE_DEBUG_INFO = NO;
				MTL_FAST_MATH = YES;
				SDKROOT = iphoneos;
				SWIFT_COMPILATION_MODE = wholemodule;
				SWIFT_OPTIMIZATION_LEVEL = "-O";
				VALIDATE_PRODUCT = YES;
			};
			name = Release;
		};
		B1E47A5B24E3DA0900164B6B /* Debug */ = {
			isa = XCBuildConfiguration;
			baseConfigurationReference = B745A1E116AB85F2B3C2FE06 /* Pods-medicine.debug.xcconfig */;
			buildSettings = {
				ASSETCATALOG_COMPILER_APPICON_NAME = AppIcon;
				CODE_SIGN_STYLE = Automatic;
				DEVELOPMENT_ASSET_PATHS = "\"medicine/Preview Content\"";
				ENABLE_PREVIEWS = YES;
				INFOPLIST_FILE = medicine/SupportingFiles/Info.plist;
				IPHONEOS_DEPLOYMENT_TARGET = 13.0;
				LD_RUNPATH_SEARCH_PATHS = (
					"$(inherited)",
					"@executable_path/Frameworks",
				);
				PRODUCT_BUNDLE_IDENTIFIER = Yusuf.medicine;
				PRODUCT_NAME = "$(TARGET_NAME)";
				SWIFT_VERSION = 5.0;
				TARGETED_DEVICE_FAMILY = "1,2";
			};
			name = Debug;
		};
		B1E47A5C24E3DA0900164B6B /* Release */ = {
			isa = XCBuildConfiguration;
			baseConfigurationReference = 65BCBA48CC4AA64EB54ECB11 /* Pods-medicine.release.xcconfig */;
			buildSettings = {
				ASSETCATALOG_COMPILER_APPICON_NAME = AppIcon;
				CODE_SIGN_STYLE = Automatic;
				DEVELOPMENT_ASSET_PATHS = "\"medicine/Preview Content\"";
				ENABLE_PREVIEWS = YES;
				INFOPLIST_FILE = medicine/SupportingFiles/Info.plist;
				IPHONEOS_DEPLOYMENT_TARGET = 13.0;
				LD_RUNPATH_SEARCH_PATHS = (
					"$(inherited)",
					"@executable_path/Frameworks",
				);
				PRODUCT_BUNDLE_IDENTIFIER = Yusuf.medicine;
				PRODUCT_NAME = "$(TARGET_NAME)";
				SWIFT_VERSION = 5.0;
				TARGETED_DEVICE_FAMILY = "1,2";
			};
			name = Release;
		};
/* End XCBuildConfiguration section */

/* Begin XCConfigurationList section */
		B1E47A4124E3DA0800164B6B /* Build configuration list for PBXProject "medicine" */ = {
			isa = XCConfigurationList;
			buildConfigurations = (
				B1E47A5824E3DA0900164B6B /* Debug */,
				B1E47A5924E3DA0900164B6B /* Release */,
			);
			defaultConfigurationIsVisible = 0;
			defaultConfigurationName = Release;
		};
		B1E47A5A24E3DA0900164B6B /* Build configuration list for PBXNativeTarget "medicine" */ = {
			isa = XCConfigurationList;
			buildConfigurations = (
				B1E47A5B24E3DA0900164B6B /* Debug */,
				B1E47A5C24E3DA0900164B6B /* Release */,
			);
			defaultConfigurationIsVisible = 0;
			defaultConfigurationName = Release;
		};
/* End XCConfigurationList section */
	};
	rootObject = B1E47A3E24E3DA0800164B6B /* Project object */;
}
